
Microsoft Visual Studio Solution File, Format Version 12.00
# Visual Studio 2012
Project("{FAE04EC0-301F-11D3-BF4B-00C04F79EFBC}") = "mosync", "mosync\mosync\mosync.csproj", "{ECEC041C-1576-4084-A715-C5D57C9B266D}"
	ProjectSection(ProjectDependencies) = postProject
		{8318207D-3E1C-408B-8A4E-75E45B9F1E96} = {8318207D-3E1C-408B-8A4E-75E45B9F1E96}
	EndProjectSection
EndProject
Project("{FAE04EC0-301F-11D3-BF4B-00C04F79EFBC}") = "mosyncLib", "mosync\mosyncLib\mosyncLib.csproj", "{7746202B-A479-49BE-8FF9-205EB13DDE07}"
EndProject
Project("{FAE04EC0-301F-11D3-BF4B-00C04F79EFBC}") = "mosyncLibContent", "mosync\mosyncLibContent\mosyncLibContent.contentproj", "{72B670A0-FBFB-4C10-A543-6D23E059E354}"
EndProject
Project("{FAE04EC0-301F-11D3-BF4B-00C04F79EFBC}") = "mosyncRuntime", "mosync\mosyncRuntime\mosyncRuntime.csproj", "{8318207D-3E1C-408B-8A4E-75E45B9F1E96}"
EndProject
Global
	GlobalSection(SolutionConfigurationPlatforms) = preSolution
		Debug|Any CPU = Debug|Any CPU
		Debug|ARM = Debug|ARM
		Debug|Mixed Platforms = Debug|Mixed Platforms
		Debug|Windows Phone = Debug|Windows Phone
		Debug|x86 = Debug|x86
		rebuild_debug|Any CPU = rebuild_debug|Any CPU
		rebuild_debug|ARM = rebuild_debug|ARM
		rebuild_debug|Mixed Platforms = rebuild_debug|Mixed Platforms
		rebuild_debug|Windows Phone = rebuild_debug|Windows Phone
		rebuild_debug|x86 = rebuild_debug|x86
		rebuild_release|Any CPU = rebuild_release|Any CPU
		rebuild_release|ARM = rebuild_release|ARM
		rebuild_release|Mixed Platforms = rebuild_release|Mixed Platforms
		rebuild_release|Windows Phone = rebuild_release|Windows Phone
		rebuild_release|x86 = rebuild_release|x86
		Release|Any CPU = Release|Any CPU
		Release|ARM = Release|ARM
		Release|Mixed Platforms = Release|Mixed Platforms
		Release|Windows Phone = Release|Windows Phone
		Release|x86 = Release|x86
	EndGlobalSection
	GlobalSection(ProjectConfigurationPlatforms) = postSolution
		{ECEC041C-1576-4084-A715-C5D57C9B266D}.Debug|Any CPU.ActiveCfg = Debug|Any CPU
		{ECEC041C-1576-4084-A715-C5D57C9B266D}.Debug|Any CPU.Build.0 = Debug|Any CPU
		{ECEC041C-1576-4084-A715-C5D57C9B266D}.Debug|Any CPU.Deploy.0 = Debug|Any CPU
		{ECEC041C-1576-4084-A715-C5D57C9B266D}.Debug|ARM.ActiveCfg = Debug|Any CPU
		{ECEC041C-1576-4084-A715-C5D57C9B266D}.Debug|Mixed Platforms.ActiveCfg = Debug|Any CPU
		{ECEC041C-1576-4084-A715-C5D57C9B266D}.Debug|Mixed Platforms.Build.0 = Debug|Any CPU
		{ECEC041C-1576-4084-A715-C5D57C9B266D}.Debug|Mixed Platforms.Deploy.0 = Debug|Any CPU
		{ECEC041C-1576-4084-A715-C5D57C9B266D}.Debug|Windows Phone.ActiveCfg = Debug|Any CPU
		{ECEC041C-1576-4084-A715-C5D57C9B266D}.Debug|x86.ActiveCfg = Debug|Any CPU
		{ECEC041C-1576-4084-A715-C5D57C9B266D}.rebuild_debug|Any CPU.ActiveCfg = rebuild_debug|Any CPU
		{ECEC041C-1576-4084-A715-C5D57C9B266D}.rebuild_debug|Any CPU.Build.0 = rebuild_debug|Any CPU
		{ECEC041C-1576-4084-A715-C5D57C9B266D}.rebuild_debug|Any CPU.Deploy.0 = rebuild_debug|Any CPU
		{ECEC041C-1576-4084-A715-C5D57C9B266D}.rebuild_debug|ARM.ActiveCfg = Debug|Any CPU
		{ECEC041C-1576-4084-A715-C5D57C9B266D}.rebuild_debug|Mixed Platforms.ActiveCfg = rebuild_debug|Any CPU
		{ECEC041C-1576-4084-A715-C5D57C9B266D}.rebuild_debug|Mixed Platforms.Build.0 = rebuild_debug|Any CPU
		{ECEC041C-1576-4084-A715-C5D57C9B266D}.rebuild_debug|Mixed Platforms.Deploy.0 = rebuild_debug|Any CPU
		{ECEC041C-1576-4084-A715-C5D57C9B266D}.rebuild_debug|Windows Phone.ActiveCfg = Debug|Any CPU
		{ECEC041C-1576-4084-A715-C5D57C9B266D}.rebuild_debug|x86.ActiveCfg = Debug|Any CPU
		{ECEC041C-1576-4084-A715-C5D57C9B266D}.rebuild_release|Any CPU.ActiveCfg = rebuild_release|Any CPU
		{ECEC041C-1576-4084-A715-C5D57C9B266D}.rebuild_release|Any CPU.Build.0 = rebuild_release|Any CPU
		{ECEC041C-1576-4084-A715-C5D57C9B266D}.rebuild_release|Any CPU.Deploy.0 = rebuild_release|Any CPU
		{ECEC041C-1576-4084-A715-C5D57C9B266D}.rebuild_release|ARM.ActiveCfg = Release|Any CPU
		{ECEC041C-1576-4084-A715-C5D57C9B266D}.rebuild_release|Mixed Platforms.ActiveCfg = rebuild_release|Any CPU
		{ECEC041C-1576-4084-A715-C5D57C9B266D}.rebuild_release|Mixed Platforms.Build.0 = rebuild_release|Any CPU
		{ECEC041C-1576-4084-A715-C5D57C9B266D}.rebuild_release|Mixed Platforms.Deploy.0 = rebuild_release|Any CPU
		{ECEC041C-1576-4084-A715-C5D57C9B266D}.rebuild_release|Windows Phone.ActiveCfg = Release|Any CPU
		{ECEC041C-1576-4084-A715-C5D57C9B266D}.rebuild_release|x86.ActiveCfg = Release|Any CPU
		{ECEC041C-1576-4084-A715-C5D57C9B266D}.Release|Any CPU.ActiveCfg = Release|Any CPU
		{ECEC041C-1576-4084-A715-C5D57C9B266D}.Release|Any CPU.Build.0 = Release|Any CPU
		{ECEC041C-1576-4084-A715-C5D57C9B266D}.Release|Any CPU.Deploy.0 = Release|Any CPU
		{ECEC041C-1576-4084-A715-C5D57C9B266D}.Release|ARM.ActiveCfg = Release|Any CPU
		{ECEC041C-1576-4084-A715-C5D57C9B266D}.Release|Mixed Platforms.ActiveCfg = Release|Any CPU
		{ECEC041C-1576-4084-A715-C5D57C9B266D}.Release|Mixed Platforms.Build.0 = Release|Any CPU
		{ECEC041C-1576-4084-A715-C5D57C9B266D}.Release|Mixed Platforms.Deploy.0 = Release|Any CPU
		{ECEC041C-1576-4084-A715-C5D57C9B266D}.Release|Windows Phone.ActiveCfg = Release|Any CPU
		{ECEC041C-1576-4084-A715-C5D57C9B266D}.Release|x86.ActiveCfg = Release|Any CPU
		{7746202B-A479-49BE-8FF9-205EB13DDE07}.Debug|Any CPU.ActiveCfg = Debug|Windows Phone
		{7746202B-A479-49BE-8FF9-205EB13DDE07}.Debug|ARM.ActiveCfg = Debug|Windows Phone
		{7746202B-A479-49BE-8FF9-205EB13DDE07}.Debug|Mixed Platforms.ActiveCfg = Debug|Windows Phone
		{7746202B-A479-49BE-8FF9-205EB13DDE07}.Debug|Mixed Platforms.Build.0 = Debug|Windows Phone
		{7746202B-A479-49BE-8FF9-205EB13DDE07}.Debug|Mixed Platforms.Deploy.0 = Debug|Windows Phone
		{7746202B-A479-49BE-8FF9-205EB13DDE07}.Debug|Windows Phone.ActiveCfg = Debug|Windows Phone
		{7746202B-A479-49BE-8FF9-205EB13DDE07}.Debug|Windows Phone.Build.0 = Debug|Windows Phone
		{7746202B-A479-49BE-8FF9-205EB13DDE07}.Debug|x86.ActiveCfg = Debug|Windows Phone
		{7746202B-A479-49BE-8FF9-205EB13DDE07}.rebuild_debug|Any CPU.ActiveCfg = Debug|Windows Phone
		{7746202B-A479-49BE-8FF9-205EB13DDE07}.rebuild_debug|ARM.ActiveCfg = Debug|Windows Phone
		{7746202B-A479-49BE-8FF9-205EB13DDE07}.rebuild_debug|Mixed Platforms.ActiveCfg = rebuild_debug|Windows Phone
		{7746202B-A479-49BE-8FF9-205EB13DDE07}.rebuild_debug|Mixed Platforms.Build.0 = rebuild_debug|Windows Phone
		{7746202B-A479-49BE-8FF9-205EB13DDE07}.rebuild_debug|Windows Phone.ActiveCfg = rebuild_debug|Windows Phone
		{7746202B-A479-49BE-8FF9-205EB13DDE07}.rebuild_debug|Windows Phone.Build.0 = rebuild_debug|Windows Phone
		{7746202B-A479-49BE-8FF9-205EB13DDE07}.rebuild_debug|x86.ActiveCfg = Debug|Windows Phone
		{7746202B-A479-49BE-8FF9-205EB13DDE07}.rebuild_release|Any CPU.ActiveCfg = Release|Windows Phone
		{7746202B-A479-49BE-8FF9-205EB13DDE07}.rebuild_release|ARM.ActiveCfg = Release|Windows Phone
		{7746202B-A479-49BE-8FF9-205EB13DDE07}.rebuild_release|Mixed Platforms.ActiveCfg = rebuild_release|Windows Phone
		{7746202B-A479-49BE-8FF9-205EB13DDE07}.rebuild_release|Mixed Platforms.Build.0 = rebuild_release|Windows Phone
		{7746202B-A479-49BE-8FF9-205EB13DDE07}.rebuild_release|Windows Phone.ActiveCfg = rebuild_release|Windows Phone
		{7746202B-A479-49BE-8FF9-205EB13DDE07}.rebuild_release|Windows Phone.Build.0 = rebuild_release|Windows Phone
		{7746202B-A479-49BE-8FF9-205EB13DDE07}.rebuild_release|x86.ActiveCfg = Release|Windows Phone
		{7746202B-A479-49BE-8FF9-205EB13DDE07}.Release|Any CPU.ActiveCfg = Release|Windows Phone
		{7746202B-A479-49BE-8FF9-205EB13DDE07}.Release|ARM.ActiveCfg = Release|Windows Phone
		{7746202B-A479-49BE-8FF9-205EB13DDE07}.Release|Mixed Platforms.ActiveCfg = Release|Windows Phone
		{7746202B-A479-49BE-8FF9-205EB13DDE07}.Release|Mixed Platforms.Build.0 = Release|Windows Phone
		{7746202B-A479-49BE-8FF9-205EB13DDE07}.Release|Windows Phone.ActiveCfg = Release|Windows Phone
		{7746202B-A479-49BE-8FF9-205EB13DDE07}.Release|Windows Phone.Build.0 = Release|Windows Phone
		{7746202B-A479-49BE-8FF9-205EB13DDE07}.Release|x86.ActiveCfg = Release|Windows Phone
		{72B670A0-FBFB-4C10-A543-6D23E059E354}.Debug|Any CPU.ActiveCfg = Debug|Any CPU
		{72B670A0-FBFB-4C10-A543-6D23E059E354}.Debug|ARM.ActiveCfg = Debug|Any CPU
		{72B670A0-FBFB-4C10-A543-6D23E059E354}.Debug|Mixed Platforms.ActiveCfg = Debug|Any CPU
		{72B670A0-FBFB-4C10-A543-6D23E059E354}.Debug|Windows Phone.ActiveCfg = Debug|Any CPU
		{72B670A0-FBFB-4C10-A543-6D23E059E354}.Debug|x86.ActiveCfg = Debug|Any CPU
		{72B670A0-FBFB-4C10-A543-6D23E059E354}.rebuild_debug|Any CPU.ActiveCfg = Debug|Any CPU
		{72B670A0-FBFB-4C10-A543-6D23E059E354}.rebuild_debug|ARM.ActiveCfg = Debug|Any CPU
		{72B670A0-FBFB-4C10-A543-6D23E059E354}.rebuild_debug|Mixed Platforms.ActiveCfg = Debug|Any CPU
		{72B670A0-FBFB-4C10-A543-6D23E059E354}.rebuild_debug|Windows Phone.ActiveCfg = Debug|Any CPU
		{72B670A0-FBFB-4C10-A543-6D23E059E354}.rebuild_debug|x86.ActiveCfg = Debug|Any CPU
		{72B670A0-FBFB-4C10-A543-6D23E059E354}.rebuild_release|Any CPU.ActiveCfg = Debug|Any CPU
		{72B670A0-FBFB-4C10-A543-6D23E059E354}.rebuild_release|ARM.ActiveCfg = Debug|Any CPU
		{72B670A0-FBFB-4C10-A543-6D23E059E354}.rebuild_release|Mixed Platforms.ActiveCfg = Debug|Any CPU
		{72B670A0-FBFB-4C10-A543-6D23E059E354}.rebuild_release|Windows Phone.ActiveCfg = Debug|Any CPU
		{72B670A0-FBFB-4C10-A543-6D23E059E354}.rebuild_release|x86.ActiveCfg = Debug|Any CPU
		{72B670A0-FBFB-4C10-A543-6D23E059E354}.Release|Any CPU.ActiveCfg = Debug|Any CPU
		{72B670A0-FBFB-4C10-A543-6D23E059E354}.Release|ARM.ActiveCfg = Debug|Any CPU
		{72B670A0-FBFB-4C10-A543-6D23E059E354}.Release|Mixed Platforms.ActiveCfg = Debug|Any CPU
		{72B670A0-FBFB-4C10-A543-6D23E059E354}.Release|Windows Phone.ActiveCfg = Debug|Any CPU
		{72B670A0-FBFB-4C10-A543-6D23E059E354}.Release|x86.ActiveCfg = Debug|Any CPU
		{8318207D-3E1C-408B-8A4E-75E45B9F1E96}.Debug|Any CPU.ActiveCfg = Debug|Any CPU
		{8318207D-3E1C-408B-8A4E-75E45B9F1E96}.Debug|Any CPU.Build.0 = Debug|Any CPU
		{8318207D-3E1C-408B-8A4E-75E45B9F1E96}.Debug|ARM.ActiveCfg = Debug|ARM
		{8318207D-3E1C-408B-8A4E-75E45B9F1E96}.Debug|ARM.Build.0 = Debug|ARM
		{8318207D-3E1C-408B-8A4E-75E45B9F1E96}.Debug|Mixed Platforms.ActiveCfg = Debug|Any CPU
		{8318207D-3E1C-408B-8A4E-75E45B9F1E96}.Debug|Mixed Platforms.Build.0 = Debug|Any CPU
		{8318207D-3E1C-408B-8A4E-75E45B9F1E96}.Debug|Windows Phone.ActiveCfg = Debug|Any CPU
		{8318207D-3E1C-408B-8A4E-75E45B9F1E96}.Debug|x86.ActiveCfg = Debug|x86
		{8318207D-3E1C-408B-8A4E-75E45B9F1E96}.Debug|x86.Build.0 = Debug|x86
		{8318207D-3E1C-408B-8A4E-75E45B9F1E96}.rebuild_debug|Any CPU.ActiveCfg = Debug|Any CPU
		{8318207D-3E1C-408B-8A4E-75E45B9F1E96}.rebuild_debug|Any CPU.Build.0 = Debug|Any CPU
		{8318207D-3E1C-408B-8A4E-75E45B9F1E96}.rebuild_debug|ARM.ActiveCfg = Debug|ARM
		{8318207D-3E1C-408B-8A4E-75E45B9F1E96}.rebuild_debug|ARM.Build.0 = Debug|ARM
		{8318207D-3E1C-408B-8A4E-75E45B9F1E96}.rebuild_debug|Mixed Platforms.ActiveCfg = Debug|Any CPU
		{8318207D-3E1C-408B-8A4E-75E45B9F1E96}.rebuild_debug|Mixed Platforms.Build.0 = Debug|Any CPU
		{8318207D-3E1C-408B-8A4E-75E45B9F1E96}.rebuild_debug|Windows Phone.ActiveCfg = Debug|Any CPU
		{8318207D-3E1C-408B-8A4E-75E45B9F1E96}.rebuild_debug|x86.ActiveCfg = Debug|x86
		{8318207D-3E1C-408B-8A4E-75E45B9F1E96}.rebuild_debug|x86.Build.0 = Debug|x86
		{8318207D-3E1C-408B-8A4E-75E45B9F1E96}.rebuild_release|Any CPU.ActiveCfg = Release|Any CPU
		{8318207D-3E1C-408B-8A4E-75E45B9F1E96}.rebuild_release|Any CPU.Build.0 = Release|Any CPU
		{8318207D-3E1C-408B-8A4E-75E45B9F1E96}.rebuild_release|ARM.ActiveCfg = Release|ARM
		{8318207D-3E1C-408B-8A4E-75E45B9F1E96}.rebuild_release|ARM.Build.0 = Release|ARM
		{8318207D-3E1C-408B-8A4E-75E45B9F1E96}.rebuild_release|Mixed Platforms.ActiveCfg = Release|Any CPU
		{8318207D-3E1C-408B-8A4E-75E45B9F1E96}.rebuild_release|Mixed Platforms.Build.0 = Release|Any CPU
		{8318207D-3E1C-408B-8A4E-75E45B9F1E96}.rebuild_release|Windows Phone.ActiveCfg = Release|Any CPU
		{8318207D-3E1C-408B-8A4E-75E45B9F1E96}.rebuild_release|x86.ActiveCfg = Release|x86
		{8318207D-3E1C-408B-8A4E-75E45B9F1E96}.rebuild_release|x86.Build.0 = Release|x86
		{8318207D-3E1C-408B-8A4E-75E45B9F1E96}.Release|Any CPU.ActiveCfg = Release|Any CPU
		{8318207D-3E1C-408B-8A4E-75E45B9F1E96}.Release|Any CPU.Build.0 = Release|Any CPU
		{8318207D-3E1C-408B-8A4E-75E45B9F1E96}.Release|ARM.ActiveCfg = Release|ARM
		{8318207D-3E1C-408B-8A4E-75E45B9F1E96}.Release|ARM.Build.0 = Release|ARM
		{8318207D-3E1C-408B-8A4E-75E45B9F1E96}.Release|Mixed Platforms.ActiveCfg = Release|Any CPU
		{8318207D-3E1C-408B-8A4E-75E45B9F1E96}.Release|Mixed Platforms.Build.0 = Release|Any CPU
		{8318207D-3E1C-408B-8A4E-75E45B9F1E96}.Release|Windows Phone.ActiveCfg = Release|Any CPU
		{8318207D-3E1C-408B-8A4E-75E45B9F1E96}.Release|x86.ActiveCfg = Release|x86
		{8318207D-3E1C-408B-8A4E-75E45B9F1E96}.Release|x86.Build.0 = Release|x86
	EndGlobalSection
	GlobalSection(SolutionProperties) = preSolution
		HideSolutionNode = FALSE
	EndGlobalSection
EndGlobal
